
Microsoft Visual Studio Solution File, Format Version 12.00
# Visual Studio 15
VisualStudioVersion = 15.0.28307.421
MinimumVisualStudioVersion = 10.0.40219.1
Project("{FAE04EC0-301F-11D3-BF4B-00C04F79EFBC}") = "ConcessionariaAPI", "ConcessionariaAPI\ConcessionariaAPI.csproj", "{1F489FA1-F0DB-4A18-8014-E496C2AA83D1}"
EndProject
Global
	GlobalSection(SolutionConfigurationPlatforms) = preSolution
		Debug|Any CPU = Debug|Any CPU
		Release|Any CPU = Release|Any CPU
	EndGlobalSection
	GlobalSection(ProjectConfigurationPlatforms) = postSolution
		{1F489FA1-F0DB-4A18-8014-E496C2AA83D1}.Debug|Any CPU.ActiveCfg = Debug|Any CPU
		{1F489FA1-F0DB-4A18-8014-E496C2AA83D1}.Debug|Any CPU.Build.0 = Debug|Any CPU
		{1F489FA1-F0DB-4A18-8014-E496C2AA83D1}.Release|Any CPU.ActiveCfg = Release|Any CPU
		{1F489FA1-F0DB-4A18-8014-E496C2AA83D1}.Release|Any CPU.Build.0 = Release|Any CPU
	EndGlobalSection
	GlobalSection(SolutionProperties) = preSolution
		HideSolutionNode = FALSE
	EndGlobalSection
	GlobalSection(ExtensibilityGlobals) = postSolution
		SolutionGuid = {373AC472-5ED6-410E-9E17-2A984E162CDE}
	EndGlobalSection
EndGlobal
